<Project xmlns="http://schemas.microsoft.com/developer/msbuild/2003">
    <PropertyGroup>
        <ProjectGuid>{F3EED282-784C-4F6F-9E02-AF0AB1DCC77A}</ProjectGuid>
        <ProjectVersion>19.2</ProjectVersion>
        <FrameworkType>VCL</FrameworkType>
        <MainSource>ProcessMM.dpr</MainSource>
        <Base>True</Base>
        <Config Condition="'$(Config)'==''">Release</Config>
        <Platform Condition="'$(Platform)'==''">Win32</Platform>
        <TargetedPlatforms>3</TargetedPlatforms>
        <AppType>Application</AppType>
    </PropertyGroup>
    <PropertyGroup Condition="'$(Config)'=='Base' or '$(Base)'!=''">
        <Base>true</Base>
    </PropertyGroup>
    <PropertyGroup Condition="('$(Platform)'=='Win32' and '$(Base)'=='true') or '$(Base_Win32)'!=''">
        <Base_Win32>true</Base_Win32>
        <CfgParent>Base</CfgParent>
        <Base>true</Base>
    </PropertyGroup>
    <PropertyGroup Condition="('$(Platform)'=='Win64' and '$(Base)'=='true') or '$(Base_Win64)'!=''">
        <Base_Win64>true</Base_Win64>
        <CfgParent>Base</CfgParent>
        <Base>true</Base>
    </PropertyGroup>
    <PropertyGroup Condition="'$(Config)'=='Debug' or '$(Cfg_1)'!=''">
        <Cfg_1>true</Cfg_1>
        <CfgParent>Base</CfgParent>
        <Base>true</Base>
    </PropertyGroup>
    <PropertyGroup Condition="('$(Platform)'=='Win32' and '$(Cfg_1)'=='true') or '$(Cfg_1_Win32)'!=''">
        <Cfg_1_Win32>true</Cfg_1_Win32>
        <CfgParent>Cfg_1</CfgParent>
        <Cfg_1>true</Cfg_1>
        <Base>true</Base>
    </PropertyGroup>
    <PropertyGroup Condition="('$(Platform)'=='Win64' and '$(Cfg_1)'=='true') or '$(Cfg_1_Win64)'!=''">
        <Cfg_1_Win64>true</Cfg_1_Win64>
        <CfgParent>Cfg_1</CfgParent>
        <Cfg_1>true</Cfg_1>
        <Base>true</Base>
    </PropertyGroup>
    <PropertyGroup Condition="'$(Config)'=='Release' or '$(Cfg_2)'!=''">
        <Cfg_2>true</Cfg_2>
        <CfgParent>Base</CfgParent>
        <Base>true</Base>
    </PropertyGroup>
    <PropertyGroup Condition="('$(Platform)'=='Win32' and '$(Cfg_2)'=='true') or '$(Cfg_2_Win32)'!=''">
        <Cfg_2_Win32>true</Cfg_2_Win32>
        <CfgParent>Cfg_2</CfgParent>
        <Cfg_2>true</Cfg_2>
        <Base>true</Base>
    </PropertyGroup>
    <PropertyGroup Condition="('$(Platform)'=='Win64' and '$(Cfg_2)'=='true') or '$(Cfg_2_Win64)'!=''">
        <Cfg_2_Win64>true</Cfg_2_Win64>
        <CfgParent>Cfg_2</CfgParent>
        <Cfg_2>true</Cfg_2>
        <Base>true</Base>
    </PropertyGroup>
    <PropertyGroup Condition="'$(Config)'=='SingleInstance' or '$(Cfg_3)'!=''">
        <Cfg_3>true</Cfg_3>
        <CfgParent>Base</CfgParent>
        <Base>true</Base>
    </PropertyGroup>
    <PropertyGroup Condition="('$(Platform)'=='Win32' and '$(Cfg_3)'=='true') or '$(Cfg_3_Win32)'!=''">
        <Cfg_3_Win32>true</Cfg_3_Win32>
        <CfgParent>Cfg_3</CfgParent>
        <Cfg_3>true</Cfg_3>
        <Base>true</Base>
    </PropertyGroup>
    <PropertyGroup Condition="('$(Platform)'=='Win64' and '$(Cfg_3)'=='true') or '$(Cfg_3_Win64)'!=''">
        <Cfg_3_Win64>true</Cfg_3_Win64>
        <CfgParent>Cfg_3</CfgParent>
        <Cfg_3>true</Cfg_3>
        <Base>true</Base>
    </PropertyGroup>
    <PropertyGroup Condition="'$(Base)'!=''">
        <SanitizedProjectName>ProcessMM</SanitizedProjectName>
        <VerInfo_Keys>CompanyName=;FileDescription=Tool for examining process memory;FileVersion=1.4.34.712;InternalName=pmm.exe;LegalCopyright=© Alexander (Rouse_) Bagel;LegalTrademarks=;OriginalFilename=ProcessMM.exe;ProductName=Process Memory Map;ProductVersion=1.4;Comments=</VerInfo_Keys>
        <Manifest_File>None</Manifest_File>
        <VerInfo_Locale>1033</VerInfo_Locale>
        <Icon_MainIcon>ProcessMM_Icon1.ico</Icon_MainIcon>
        <DCC_Namespace>System;Xml;Data;Datasnap;Web;Soap;Vcl;Vcl.Imaging;Vcl.Touch;Vcl.Samples;Vcl.Shell;$(DCC_Namespace)</DCC_Namespace>
        <DCC_DcuOutput>.\$(Platform)\$(Config)</DCC_DcuOutput>
        <DCC_ExeOutput>.\$(Platform)\$(Config)</DCC_ExeOutput>
        <DCC_E>false</DCC_E>
        <DCC_N>false</DCC_N>
        <DCC_S>false</DCC_S>
        <DCC_F>false</DCC_F>
        <DCC_K>false</DCC_K>
        <VerInfo_IncludeVerInfo>true</VerInfo_IncludeVerInfo>
        <VerInfo_MinorVer>4</VerInfo_MinorVer>
        <VerInfo_Release>34</VerInfo_Release>
        <VerInfo_Build>712</VerInfo_Build>
        <DCC_MapFile>3</DCC_MapFile>
        <DCC_GenerateStackFrames>true</DCC_GenerateStackFrames>
        <VerInfo_PreRelease>true</VerInfo_PreRelease>
    </PropertyGroup>
    <PropertyGroup Condition="'$(Base_Win32)'!=''">
        <UWP_DelphiLogo44>$(BDS)\bin\Artwork\Windows\UWP\delphi_UwpDefault_44.png</UWP_DelphiLogo44>
        <AppEnableRuntimeThemes>true</AppEnableRuntimeThemes>
        <UWP_DelphiLogo150>$(BDS)\bin\Artwork\Windows\UWP\delphi_UwpDefault_150.png</UWP_DelphiLogo150>
        <DCC_Namespace>Winapi;System.Win;Data.Win;Datasnap.Win;Web.Win;Soap.Win;Xml.Win;Bde;$(DCC_Namespace)</DCC_Namespace>
        <Manifest_File>$(BDS)\bin\default_app.manifest</Manifest_File>
        <DCC_UsePackage>dxSkinBlackRS18;dxBarRS18;dxGDIPlusRS18;dxPSCoreRS18;dxSkinCoffeeRS18;dxSkinOffice2007GreenRS18;dxPScxPCProdRS18;dxSkinBlueRS18;dxLayoutControlRS18;cxTreeListRS18;dxSkinMoneyTwinsRS18;DBXSqliteDriver;frxDB18;dxDockingRS18;dxSkinVS2010RS18;dxThemeRS18;dxPSdxOCLnkRS18;fmx;IndySystem;dxSkinsdxRibbonPainterRS18;TeeDB;frx18;inetdbbde;vclib;DBXInterBaseDriver;dxSkinOffice2007BlueRS18;DataSnapCommon;cxTreeListdxBarPopupMenuRS18;dxPScxTLLnkRS18;cxSchedulerGridRS18;dxSkinsdxBarPainterRS18;dxtrmdRS18;DbxCommonDriver;vclimg;dxSkinSilverRS18;dbxcds;dxTabbedMDIRS18;MetropolisUILiveTile;dxSkinscxPCPainterRS18;vcldb;dxSkinDarkRoomRS18;cxExportRS18;vcldsnap;dxPSLnksRS18;dxPScxPivotGridLnkRS18;dcldxSkinsCoreRS18;dxPScxSSLnkRS18;dxSkinOffice2010SilverRS18;dxServerModeRS18;CustomIPTransport;dxSkinBlueprintRS18;vclribbon;dxdborRS18;dsnap;IndyIPServer;dxSkinOffice2010BlueRS18;dxSkinsdxDLPainterRS18;fmxase;vcl;IndyCore;cxVerticalGridRS18;IndyIPCommon;CloudService;CodeSiteExpressPkg;FmxTeeUI;dxPSdxDBOCLnkRS18;dxADOServerModeRS18;cxPivotGridChartRS18;dxSkinDarkSideRS18;dxPScxExtCommonRS18;inetdbxpress;webdsnap;cxEditorsRS18;cxSchedulerRS18;dxSpellCheckerRS18;cxLibraryRS18;dxSkinsCoreRS18;dxSkinLondonLiquidSkyRS18;cxPageControldxBarPopupMenuRS18;dxPScxVGridLnkRS18;dxSkinSharpPlusRS18;dxPScxGridLnkRS18;dxSkinValentineRS18;adortl;dxRibbonRS18;dxSkinDevExpressStyleRS18;dxSkinTheAsphaltWorldRS18;dxSkinSpringTimeRS18;dxSkinHighContrastRS18;dxSkinGlassOceansRS18;dxPSdxDBTVLnkRS18;bindcompfmx;dxSkinCaramelRS18;vcldbx;cxBarEditItemRS18;dxSkinOffice2007SilverRS18;cxPageControlRS18;rtl;dbrtl;DbxClientDriver;dxSkinSharpRS18;dxSkinDevExpressDarkStyleRS18;bindcomp;SI5_ControlPackage;Tee;dxSkinStardustRS18;dxSkinXmas2008BlueRS18;xmlrtl;svnui;ibxpress;dxDBXServerModeRS18;IndyProtocols;DBXMySQLDriver;frxe18;dxBarExtItemsRS18;dxSkiniMaginaryRS18;dxSkinLiquidSkyRS18;dxSkinOffice2013WhiteRS18;vclactnband;bindengine;soaprtl;bindcompdbx;FMXTee;TeeUI;bindcompvcl;dxSkinPumpkinRS18;cxSpreadSheetRS18;dxSkinMcSkinRS18;vclie;cxPivotGridRS18;dxmdsRS18;dxFlowChartRS18;dxPsPrVwAdvRS18;vcltouch;dxBarDBNavRS18;dxTileControlRS18;dxPSPrVwRibbonRS18;RootPackage;dxSkinOffice2007PinkRS18;dxPSdxFCLnkRS18;dxComnRS18;VclSmp;dxWizardControlRS18;dxBarExtDBItemsRS18;cxGridRS18;Intraweb;dxSkinOffice2010BlackRS18;dxSkinSevenRS18;cxSchedulerTreeBrowserRS18;dxPScxSchedulerLnkRS18;dxPSDBTeeChartRS18;dxNavBarRS18;dxdbtrRS18;dsnapcon;dxPSTeeChartRS18;inet;dxCoreRS18;fmxobj;dxSkinFoggyRS18;dxSkinscxSchedulerPainterRS18;dxSkinSevenClassicRS18;dxSkinWhiteprintRS18;dxSkinsdxNavBarPainterRS18;vclx;dxPScxCommonRS18;svn;dxSkinLilianRS18;dxorgcRS18;fmxdae;cxPivotGridOLAPRS18;cxDataRS18;dxPSdxLCLnkRS18;bdertl;VirtualTreesR;dbexpress;dxSkinOffice2007BlackRS18;dxSkinSummer2008RS18;IndyIPClient;$(DCC_UsePackage)</DCC_UsePackage>
        <AppDPIAwarenessMode>PerMonitorV2</AppDPIAwarenessMode>
    </PropertyGroup>
    <PropertyGroup Condition="'$(Base_Win64)'!=''">
        <UWP_DelphiLogo44>$(BDS)\bin\Artwork\Windows\UWP\delphi_UwpDefault_44.png</UWP_DelphiLogo44>
        <AppEnableRuntimeThemes>true</AppEnableRuntimeThemes>
        <UWP_DelphiLogo150>$(BDS)\bin\Artwork\Windows\UWP\delphi_UwpDefault_150.png</UWP_DelphiLogo150>
        <DCC_Namespace>Winapi;System.Win;Data.Win;Datasnap.Win;Web.Win;Soap.Win;Xml.Win;$(DCC_Namespace)</DCC_Namespace>
        <Manifest_File>$(BDS)\bin\default_app.manifest</Manifest_File>
        <DCC_UsePackage>dxSkinBlackRS18;dxBarRS18;dxGDIPlusRS18;dxPSCoreRS18;dxSkinCoffeeRS18;dxSkinOffice2007GreenRS18;dxPScxPCProdRS18;dxSkinBlueRS18;dxLayoutControlRS18;cxTreeListRS18;dxSkinMoneyTwinsRS18;DBXSqliteDriver;dxDockingRS18;dxSkinVS2010RS18;dxThemeRS18;dxPSdxOCLnkRS18;fmx;IndySystem;dxSkinsdxRibbonPainterRS18;TeeDB;vclib;DBXInterBaseDriver;dxSkinOffice2007BlueRS18;DataSnapCommon;cxTreeListdxBarPopupMenuRS18;dxPScxTLLnkRS18;cxSchedulerGridRS18;dxSkinsdxBarPainterRS18;dxtrmdRS18;DbxCommonDriver;vclimg;dxSkinSilverRS18;dbxcds;dxTabbedMDIRS18;MetropolisUILiveTile;dxSkinscxPCPainterRS18;vcldb;dxSkinDarkRoomRS18;cxExportRS18;vcldsnap;dxPSLnksRS18;dxPScxPivotGridLnkRS18;dcldxSkinsCoreRS18;dxPScxSSLnkRS18;dxSkinOffice2010SilverRS18;dxServerModeRS18;CustomIPTransport;dxSkinBlueprintRS18;vclribbon;dxdborRS18;dsnap;IndyIPServer;dxSkinOffice2010BlueRS18;dxSkinsdxDLPainterRS18;fmxase;vcl;IndyCore;cxVerticalGridRS18;IndyIPCommon;CloudService;FmxTeeUI;dxPSdxDBOCLnkRS18;dxADOServerModeRS18;cxPivotGridChartRS18;dxSkinDarkSideRS18;dxPScxExtCommonRS18;inetdbxpress;webdsnap;cxEditorsRS18;cxSchedulerRS18;dxSpellCheckerRS18;cxLibraryRS18;dxSkinsCoreRS18;dxSkinLondonLiquidSkyRS18;cxPageControldxBarPopupMenuRS18;dxPScxVGridLnkRS18;dxSkinSharpPlusRS18;dxPScxGridLnkRS18;dxSkinValentineRS18;adortl;dxRibbonRS18;dxSkinDevExpressStyleRS18;dxSkinTheAsphaltWorldRS18;dxSkinSpringTimeRS18;dxSkinHighContrastRS18;dxSkinGlassOceansRS18;dxPSdxDBTVLnkRS18;bindcompfmx;dxSkinCaramelRS18;cxBarEditItemRS18;dxSkinOffice2007SilverRS18;cxPageControlRS18;rtl;dbrtl;DbxClientDriver;dxSkinSharpRS18;dxSkinDevExpressDarkStyleRS18;bindcomp;Tee;dxSkinStardustRS18;dxSkinXmas2008BlueRS18;xmlrtl;ibxpress;dxDBXServerModeRS18;IndyProtocols;DBXMySQLDriver;dxBarExtItemsRS18;dxSkiniMaginaryRS18;dxSkinLiquidSkyRS18;dxSkinOffice2013WhiteRS18;vclactnband;bindengine;soaprtl;bindcompdbx;FMXTee;TeeUI;bindcompvcl;dxSkinPumpkinRS18;cxSpreadSheetRS18;dxSkinMcSkinRS18;vclie;cxPivotGridRS18;dxmdsRS18;dxFlowChartRS18;dxPsPrVwAdvRS18;vcltouch;dxBarDBNavRS18;dxTileControlRS18;dxPSPrVwRibbonRS18;dxSkinOffice2007PinkRS18;dxPSdxFCLnkRS18;dxComnRS18;VclSmp;dxWizardControlRS18;dxBarExtDBItemsRS18;cxGridRS18;Intraweb;dxSkinOffice2010BlackRS18;dxSkinSevenRS18;cxSchedulerTreeBrowserRS18;dxPScxSchedulerLnkRS18;dxPSDBTeeChartRS18;dxNavBarRS18;dxdbtrRS18;dsnapcon;dxPSTeeChartRS18;inet;dxCoreRS18;fmxobj;dxSkinFoggyRS18;dxSkinscxSchedulerPainterRS18;dxSkinSevenClassicRS18;dxSkinWhiteprintRS18;dxSkinsdxNavBarPainterRS18;vclx;dxPScxCommonRS18;dxSkinLilianRS18;dxorgcRS18;fmxdae;cxPivotGridOLAPRS18;cxDataRS18;dxPSdxLCLnkRS18;VirtualTreesR;dbexpress;dxSkinOffice2007BlackRS18;dxSkinSummer2008RS18;IndyIPClient;$(DCC_UsePackage)</DCC_UsePackage>
        <AppDPIAwarenessMode>PerMonitorV2</AppDPIAwarenessMode>
    </PropertyGroup>
    <PropertyGroup Condition="'$(Cfg_1)'!=''">
        <Manifest_File>$(BDS)\bin\default_app.manifest</Manifest_File>
        <DCC_Define>DEBUG;$(DCC_Define)</DCC_Define>
        <DCC_DebugDCUs>true</DCC_DebugDCUs>
        <DCC_Optimize>false</DCC_Optimize>
        <DCC_GenerateStackFrames>true</DCC_GenerateStackFrames>
        <DCC_DebugInfoInExe>true</DCC_DebugInfoInExe>
        <DCC_RemoteDebug>true</DCC_RemoteDebug>
    </PropertyGroup>
    <PropertyGroup Condition="'$(Cfg_1_Win32)'!=''">
        <PreBuildEvent><![CDATA[call rsvars.bat
msbuild $(PROJECTPATH) /t:Rebuild /p:Config=Debug /p:Platform=Win64
brcc32 $(PROJECTDIR)\win64debug.rc
$(PreBuildEvent)]]></PreBuildEvent>
        <AppEnableRuntimeThemes>true</AppEnableRuntimeThemes>
        <DCC_RemoteDebug>false</DCC_RemoteDebug>
        <BT_BuildType>Debug</BT_BuildType>
    </PropertyGroup>
    <PropertyGroup Condition="'$(Cfg_1_Win64)'!=''">
        <AppEnableRuntimeThemes>true</AppEnableRuntimeThemes>
        <BT_BuildType>Debug</BT_BuildType>
    </PropertyGroup>
    <PropertyGroup Condition="'$(Cfg_2)'!=''">
        <DCC_LocalDebugSymbols>false</DCC_LocalDebugSymbols>
        <DCC_Define>RELEASE;$(DCC_Define)</DCC_Define>
        <DCC_SymbolReferenceInfo>0</DCC_SymbolReferenceInfo>
        <DCC_DebugInformation>0</DCC_DebugInformation>
    </PropertyGroup>
    <PropertyGroup Condition="'$(Cfg_2_Win32)'!=''">
        <BT_BuildType>Debug</BT_BuildType>
        <AppEnableRuntimeThemes>true</AppEnableRuntimeThemes>
        <Manifest_File>$(BDS)\bin\default_app.manifest</Manifest_File>
        <PreBuildEvent><![CDATA[call rsvars.bat
msbuild $(PROJECTPATH) /t:Rebuild /p:Config=Release /p:Platform=Win64
brcc32 $(PROJECTDIR)\win64release.rc
$(PreBuildEvent)]]></PreBuildEvent>
        <DCC_DebugInformation>2</DCC_DebugInformation>
        <Debugger_RunParams>10852</Debugger_RunParams>
    </PropertyGroup>
    <PropertyGroup Condition="'$(Cfg_2_Win64)'!=''">
        <BT_BuildType>Debug</BT_BuildType>
    </PropertyGroup>
    <PropertyGroup Condition="'$(Cfg_3)'!=''">
        <DCC_Define>DEBUG;$(DCC_Define)</DCC_Define>
    </PropertyGroup>
    <PropertyGroup Condition="'$(Cfg_3_Win32)'!=''">
        <BT_BuildType>Debug</BT_BuildType>
        <AppEnableRuntimeThemes>true</AppEnableRuntimeThemes>
        <DCC_Define>SINGLE_INSTANCE;$(DCC_Define)</DCC_Define>
        <Manifest_File>$(BDS)\bin\default_app.manifest</Manifest_File>
        <DCC_DebugDCUs>true</DCC_DebugDCUs>
        <DCC_IntegerOverflowCheck>true</DCC_IntegerOverflowCheck>
        <DCC_RangeChecking>true</DCC_RangeChecking>
        <DCC_DebugInfoInExe>true</DCC_DebugInfoInExe>
        <DCC_RunTimeTypeInfo>true</DCC_RunTimeTypeInfo>
        <Debugger_RunParams>27992 $00540000</Debugger_RunParams>
    </PropertyGroup>
    <PropertyGroup Condition="'$(Cfg_3_Win64)'!=''">
        <BT_BuildType>Debug</BT_BuildType>
        <AppEnableRuntimeThemes>true</AppEnableRuntimeThemes>
        <Manifest_File>$(BDS)\bin\default_app.manifest</Manifest_File>
        <DCC_DebugDCUs>true</DCC_DebugDCUs>
        <DCC_DebugInfoInExe>true</DCC_DebugInfoInExe>
        <DCC_GenerateStackFrames>true</DCC_GenerateStackFrames>
        <DCC_MapFile>3</DCC_MapFile>
        <DCC_Define>MP;$(DCC_Define)</DCC_Define>
        <DCC_IntegerOverflowCheck>true</DCC_IntegerOverflowCheck>
        <DCC_RangeChecking>true</DCC_RangeChecking>
        <DCC_Optimize>false</DCC_Optimize>
        <Debugger_RunParams>6304</Debugger_RunParams>
    </PropertyGroup>
    <ItemGroup>
        <DelphiCompile Include="$(MainSource)">
            <MainSource>MainSource</MainSource>
        </DelphiCompile>
        <DCCReference Include="src\gui\uProcessMM.pas">
            <Form>dlgProcessMM</Form>
        </DCCReference>
        <DCCReference Include="src\gui\uSelectProcess.pas">
            <Form>dlgSelectProcess</Form>
        </DCCReference>
        <DCCReference Include="src\gui\uExportList.pas">
            <Form>dlgExportList</Form>
        </DCCReference>
        <DCCReference Include="src\gui\uSettings.pas">
            <Form>dlgSettings</Form>
        </DCCReference>
        <DCCReference Include="src\uUtils.pas"/>
        <DCCReference Include="src\uDisplayUtils.pas"/>
        <DCCReference Include="src\gui\uRegionProperties.pas">
            <Form>dlgRegionProps</Form>
        </DCCReference>
        <DCCReference Include="src\gui\uSelectAddress.pas">
            <Form>dlgSelectAddress</Form>
        </DCCReference>
        <DCCReference Include="src\gui\uFindData.pas">
            <Form>dlgFindData</Form>
        </DCCReference>
        <DCCReference Include="src\gui\uComparator.pas">
            <Form>dlgComparator</Form>
        </DCCReference>
        <DCCReference Include="src\gui\uProgress.pas">
            <Form>dlgProgress</Form>
        </DCCReference>
        <DCCReference Include="src\uDump.pas"/>
        <DCCReference Include="src\uDumpDisplayUtils.pas"/>
        <DCCReference Include="src\uIPC.pas"/>
        <DCCReference Include="MemoryMap\MemoryMap.Core.pas"/>
        <DCCReference Include="MemoryMap\MemoryMap.Heaps.pas"/>
        <DCCReference Include="MemoryMap\MemoryMap.NtDll.pas"/>
        <DCCReference Include="MemoryMap\MemoryMap.PEImage.pas"/>
        <DCCReference Include="MemoryMap\MemoryMap.RegionData.pas"/>
        <DCCReference Include="MemoryMap\MemoryMap.Symbols.pas"/>
        <DCCReference Include="MemoryMap\MemoryMap.Threads.pas"/>
        <DCCReference Include="MemoryMap\MemoryMap.Utils.pas"/>
        <DCCReference Include="MemoryMap\MemoryMap.Workset.pas"/>
        <DCCReference Include="src\gui\uAbout.pas">
            <Form>dlgAbout</Form>
        </DCCReference>
        <DCCReference Include="src\gui\uMemoryMapListInfo.pas">
            <Form>dlgMemoryMapListInfo</Form>
        </DCCReference>
        <DCCReference Include="src\gui\uMemoryMapListInfoSettings.pas">
            <Form>dlgMemoryMapListInfoSettings</Form>
        </DCCReference>
        <DCCReference Include="distorm\distorm.pas"/>
        <DCCReference Include="MemoryMap\MemoryMap.DebugMapData.pas"/>
        <DCCReference Include="src\uProcessReconnect.pas"/>
        <DCCReference Include="MemoryMap\MemoryMap.ImageHlp.pas"/>
        <DCCReference Include="distorm\mnemonics.pas"/>
        <DCCReference Include="src\gui\uKnownData.pas">
            <Form>dlgKnownData</Form>
        </DCCReference>
        <DCCReference Include="src\gui\uPatchDetect.pas">
            <Form>dlgPatches</Form>
        </DCCReference>
        <DCCReference Include="RawScanner\RawScanner.Analyzer.pas"/>
        <DCCReference Include="RawScanner\RawScanner.ApiSet.pas"/>
        <DCCReference Include="RawScanner\RawScanner.Disassembler.pas"/>
        <DCCReference Include="RawScanner\RawScanner.Filter.pas"/>
        <DCCReference Include="RawScanner\RawScanner.LoaderData.pas"/>
        <DCCReference Include="RawScanner\RawScanner.Logger.pas"/>
        <DCCReference Include="RawScanner\RawScanner.ModulesData.pas"/>
        <DCCReference Include="RawScanner\RawScanner.Types.pas"/>
        <DCCReference Include="RawScanner\RawScanner.Utils.pas"/>
        <DCCReference Include="RawScanner\RawScanner.Wow64.pas"/>
        <DCCReference Include="RawScanner\RawScanner.Core.pas"/>
        <DCCReference Include="RawScanner\RawScanner.SymbolStorage.pas"/>
        <DCCReference Include="RawScanner\RawScanner.ActivationContext.pas"/>
        <DCCReference Include="Controls\FWProgressBar.pas"/>
        <DCCReference Include="plugins\include\pmm_plugin.pas"/>
        <DCCReference Include="src\uPluginManager.pas"/>
        <DCCReference Include="src\gui\uDebugInfoDlg.pas">
            <Form>dlgDbgInfo</Form>
        </DCCReference>
        <DCCReference Include="Controls\Shell.TaskBarListProgress.pas"/>
        <DCCReference Include="RawScanner\RawScanner.X64Gates.pas"/>
        <DCCReference Include="src\gui\uStringsViewer.pas">
            <Form>dlgStringsViewer</Form>
            <FormType>dfm</FormType>
        </DCCReference>
        <DCCReference Include="Controls\ScaledCtrls.pas"/>
        <DCCReference Include="src\gui\uBaseForm.pas">
            <Form>BaseAppForm</Form>
            <FormType>dfm</FormType>
        </DCCReference>
        <DCCReference Include="RawScanner\RawScanner.CoffDwarf.pas"/>
        <None Include="RawScanner\rawscanner.inc"/>
        <None Include="README.md"/>
        <None Include="updates.txt"/>
        <BuildConfiguration Include="Base">
            <Key>Base</Key>
        </BuildConfiguration>
        <BuildConfiguration Include="Release">
            <Key>Cfg_2</Key>
            <CfgParent>Base</CfgParent>
        </BuildConfiguration>
        <BuildConfiguration Include="Debug">
            <Key>Cfg_1</Key>
            <CfgParent>Base</CfgParent>
        </BuildConfiguration>
        <BuildConfiguration Include="SingleInstance">
            <Key>Cfg_3</Key>
            <CfgParent>Base</CfgParent>
        </BuildConfiguration>
    </ItemGroup>
    <ProjectExtensions>
        <Borland.Personality>Delphi.Personality.12</Borland.Personality>
        <Borland.ProjectType/>
        <BorlandProject>
            <Delphi.Personality>
                <VersionInfo>
                    <VersionInfo Name="IncludeVerInfo">False</VersionInfo>
                    <VersionInfo Name="AutoIncBuild">False</VersionInfo>
                    <VersionInfo Name="MajorVer">1</VersionInfo>
                    <VersionInfo Name="MinorVer">0</VersionInfo>
                    <VersionInfo Name="Release">0</VersionInfo>
                    <VersionInfo Name="Build">0</VersionInfo>
                    <VersionInfo Name="Debug">False</VersionInfo>
                    <VersionInfo Name="PreRelease">False</VersionInfo>
                    <VersionInfo Name="Special">False</VersionInfo>
                    <VersionInfo Name="Private">False</VersionInfo>
                    <VersionInfo Name="DLL">False</VersionInfo>
                    <VersionInfo Name="Locale">1049</VersionInfo>
                    <VersionInfo Name="CodePage">1251</VersionInfo>
                </VersionInfo>
                <VersionInfoKeys>
                    <VersionInfoKeys Name="CompanyName"/>
                    <VersionInfoKeys Name="FileDescription"/>
                    <VersionInfoKeys Name="FileVersion">1.0.0.0</VersionInfoKeys>
                    <VersionInfoKeys Name="InternalName"/>
                    <VersionInfoKeys Name="LegalCopyright"/>
                    <VersionInfoKeys Name="LegalTrademarks"/>
                    <VersionInfoKeys Name="OriginalFilename"/>
                    <VersionInfoKeys Name="ProductName"/>
                    <VersionInfoKeys Name="ProductVersion">1.0.0.0</VersionInfoKeys>
                    <VersionInfoKeys Name="Comments"/>
                    <VersionInfoKeys Name="CFBundleName"/>
                    <VersionInfoKeys Name="CFBundleDisplayName"/>
                    <VersionInfoKeys Name="UIDeviceFamily"/>
                    <VersionInfoKeys Name="CFBundleIdentifier"/>
                    <VersionInfoKeys Name="CFBundleVersion"/>
                    <VersionInfoKeys Name="CFBundlePackageType"/>
                    <VersionInfoKeys Name="CFBundleSignature"/>
                    <VersionInfoKeys Name="CFBundleAllowMixedLocalizations"/>
                    <VersionInfoKeys Name="UISupportedInterfaceOrientations"/>
                    <VersionInfoKeys Name="CFBundleExecutable"/>
                    <VersionInfoKeys Name="CFBundleResourceSpecification"/>
                    <VersionInfoKeys Name="LSRequiresIPhoneOS"/>
                    <VersionInfoKeys Name="CFBundleInfoDictionaryVersion"/>
                    <VersionInfoKeys Name="CFBundleDevelopmentRegion"/>
                </VersionInfoKeys>
                <Source>
                    <Source Name="MainSource">ProcessMM.dpr</Source>
                </Source>
                <Excluded_Packages>
                    <Excluded_Packages Name="$(BDSBIN)\dclFMXtee9270.bpl">File c:\program files (x86)\embarcadero\studio\21.0\bin\dclFMXtee9270.bpl not found</Excluded_Packages>
                    <Excluded_Packages Name="$(BDSBIN)\dcltee9270.bpl">File c:\program files (x86)\embarcadero\studio\21.0\bin\dcltee9270.bpl not found</Excluded_Packages>
                </Excluded_Packages>
            </Delphi.Personality>
            <Deployment Version="3">
                <DeployFile LocalName="Win32\SingleInstance\ProcessMM.exe" Configuration="SingleInstance" Class="ProjectOutput">
                    <Platform Name="Win32">
                        <RemoteName>ProcessMM.exe</RemoteName>
                        <Overwrite>true</Overwrite>
                    </Platform>
                </DeployFile>
                <DeployFile LocalName="Win64\SingleInstance\ProcessMM.exe" Configuration="SingleInstance" Class="ProjectOutput">
                    <Platform Name="Win64">
                        <RemoteName>ProcessMM.exe</RemoteName>
                        <Overwrite>true</Overwrite>
                    </Platform>
                </DeployFile>
                <DeployFile LocalName="RawScanner\rawscanner.inc" Configuration="SingleInstance" Class="ProjectFile">
                    <Platform Name="Win64">
                        <RemoteDir>.\</RemoteDir>
                        <Overwrite>true</Overwrite>
                    </Platform>
                </DeployFile>
                <DeployFile LocalName="README.md" Configuration="SingleInstance" Class="ProjectFile">
                    <Platform Name="Win64">
                        <RemoteDir>.\</RemoteDir>
                        <Overwrite>true</Overwrite>
                    </Platform>
                </DeployFile>
                <DeployFile LocalName="updates.txt" Configuration="SingleInstance" Class="ProjectFile">
                    <Platform Name="Win64">
                        <RemoteDir>.\</RemoteDir>
                        <Overwrite>true</Overwrite>
                    </Platform>
                </DeployFile>
                <DeployFile LocalName="Win32\Release\ProcessMM.exe" Configuration="Release" Class="ProjectOutput">
                    <Platform Name="Win32">
                        <RemoteName>ProcessMM.exe</RemoteName>
                        <Overwrite>true</Overwrite>
                    </Platform>
                </DeployFile>
                <DeployFile LocalName="Win64\Debug\ProcessMM.exe" Configuration="Debug" Class="ProjectOutput">
                    <Platform Name="Win64">
                        <RemoteName>ProcessMM.exe</RemoteName>
                        <Overwrite>true</Overwrite>
                    </Platform>
                </DeployFile>
                <DeployClass Name="AdditionalDebugSymbols">
                    <Platform Name="iOSSimulator">
                        <Operation>1</Operation>
                    </Platform>
                    <Platform Name="OSX32">
                        <RemoteDir>Contents\MacOS</RemoteDir>
                        <Operation>1</Operation>
                    </Platform>
                    <Platform Name="Win32">
                        <Operation>0</Operation>
                    </Platform>
                </DeployClass>
                <DeployClass Name="AndroidClassesDexFile">
                    <Platform Name="Android">
                        <RemoteDir>classes</RemoteDir>
                        <Operation>1</Operation>
                    </Platform>
                    <Platform Name="Android64">
                        <RemoteDir>classes</RemoteDir>
                        <Operation>1</Operation>
                    </Platform>
                </DeployClass>
                <DeployClass Name="AndroidFileProvider">
                    <Platform Name="Android">
                        <RemoteDir>res\xml</RemoteDir>
                        <Operation>1</Operation>
                    </Platform>
                    <Platform Name="Android64">
                        <RemoteDir>res\xml</RemoteDir>
                        <Operation>1</Operation>
                    </Platform>
                </DeployClass>
                <DeployClass Name="AndroidGDBServer">
                    <Platform Name="Android">
                        <RemoteDir>library\lib\armeabi-v7a</RemoteDir>
                        <Operation>1</Operation>
                    </Platform>
                </DeployClass>
                <DeployClass Name="AndroidLibnativeArmeabiFile">
                    <Platform Name="Android">
                        <RemoteDir>library\lib\armeabi</RemoteDir>
                        <Operation>1</Operation>
                    </Platform>
                    <Platform Name="Android64">
                        <RemoteDir>library\lib\armeabi</RemoteDir>
                        <Operation>1</Operation>
                    </Platform>
                </DeployClass>
                <DeployClass Name="AndroidLibnativeArmeabiv7aFile">
                    <Platform Name="Android64">
                        <RemoteDir>library\lib\armeabi-v7a</RemoteDir>
                        <Operation>1</Operation>
                    </Platform>
                </DeployClass>
                <DeployClass Name="AndroidLibnativeMipsFile">
                    <Platform Name="Android">
                        <RemoteDir>library\lib\mips</RemoteDir>
                        <Operation>1</Operation>
                    </Platform>
                    <Platform Name="Android64">
                        <RemoteDir>library\lib\mips</RemoteDir>
                        <Operation>1</Operation>
                    </Platform>
                </DeployClass>
                <DeployClass Name="AndroidServiceOutput">
                    <Platform Name="Android">
                        <RemoteDir>library\lib\armeabi-v7a</RemoteDir>
                        <Operation>1</Operation>
                    </Platform>
                    <Platform Name="Android64">
                        <RemoteDir>library\lib\arm64-v8a</RemoteDir>
                        <Operation>1</Operation>
                    </Platform>
                </DeployClass>
                <DeployClass Name="AndroidServiceOutput_Android32">
                    <Platform Name="Android64">
                        <RemoteDir>library\lib\armeabi-v7a</RemoteDir>
                        <Operation>1</Operation>
                    </Platform>
                </DeployClass>
                <DeployClass Name="AndroidSplashImageDef">
                    <Platform Name="Android">
                        <RemoteDir>res\drawable</RemoteDir>
                        <Operation>1</Operation>
                    </Platform>
                    <Platform Name="Android64">
                        <RemoteDir>res\drawable</RemoteDir>
                        <Operation>1</Operation>
                    </Platform>
                </DeployClass>
                <DeployClass Name="AndroidSplashStyles">
                    <Platform Name="Android">
                        <RemoteDir>res\values</RemoteDir>
                        <Operation>1</Operation>
                    </Platform>
                    <Platform Name="Android64">
                        <RemoteDir>res\values</RemoteDir>
                        <Operation>1</Operation>
                    </Platform>
                </DeployClass>
                <DeployClass Name="AndroidSplashStylesV21">
                    <Platform Name="Android">
                        <RemoteDir>res\values-v21</RemoteDir>
                        <Operation>1</Operation>
                    </Platform>
                    <Platform Name="Android64">
                        <RemoteDir>res\values-v21</RemoteDir>
                        <Operation>1</Operation>
                    </Platform>
                </DeployClass>
                <DeployClass Name="Android_Colors">
                    <Platform Name="Android">
                        <RemoteDir>res\values</RemoteDir>
                        <Operation>1</Operation>
                    </Platform>
                    <Platform Name="Android64">
                        <RemoteDir>res\values</RemoteDir>
                        <Operation>1</Operation>
                    </Platform>
                </DeployClass>
                <DeployClass Name="Android_DefaultAppIcon">
                    <Platform Name="Android">
                        <RemoteDir>res\drawable</RemoteDir>
                        <Operation>1</Operation>
                    </Platform>
                    <Platform Name="Android64">
                        <RemoteDir>res\drawable</RemoteDir>
                        <Operation>1</Operation>
                    </Platform>
                </DeployClass>
                <DeployClass Name="Android_LauncherIcon144">
                    <Platform Name="Android">
                        <RemoteDir>res\drawable-xxhdpi</RemoteDir>
                        <Operation>1</Operation>
                    </Platform>
                    <Platform Name="Android64">
                        <RemoteDir>res\drawable-xxhdpi</RemoteDir>
                        <Operation>1</Operation>
                    </Platform>
                </DeployClass>
                <DeployClass Name="Android_LauncherIcon192">
                    <Platform Name="Android">
                        <RemoteDir>res\drawable-xxxhdpi</RemoteDir>
                        <Operation>1</Operation>
                    </Platform>
                    <Platform Name="Android64">
                        <RemoteDir>res\drawable-xxxhdpi</RemoteDir>
                        <Operation>1</Operation>
                    </Platform>
                </DeployClass>
                <DeployClass Name="Android_LauncherIcon36">
                    <Platform Name="Android">
                        <RemoteDir>res\drawable-ldpi</RemoteDir>
                        <Operation>1</Operation>
                    </Platform>
                    <Platform Name="Android64">
                        <RemoteDir>res\drawable-ldpi</RemoteDir>
                        <Operation>1</Operation>
                    </Platform>
                </DeployClass>
                <DeployClass Name="Android_LauncherIcon48">
                    <Platform Name="Android">
                        <RemoteDir>res\drawable-mdpi</RemoteDir>
                        <Operation>1</Operation>
                    </Platform>
                    <Platform Name="Android64">
                        <RemoteDir>res\drawable-mdpi</RemoteDir>
                        <Operation>1</Operation>
                    </Platform>
                </DeployClass>
                <DeployClass Name="Android_LauncherIcon72">
                    <Platform Name="Android">
                        <RemoteDir>res\drawable-hdpi</RemoteDir>
                        <Operation>1</Operation>
                    </Platform>
                    <Platform Name="Android64">
                        <RemoteDir>res\drawable-hdpi</RemoteDir>
                        <Operation>1</Operation>
                    </Platform>
                </DeployClass>
                <DeployClass Name="Android_LauncherIcon96">
                    <Platform Name="Android">
                        <RemoteDir>res\drawable-xhdpi</RemoteDir>
                        <Operation>1</Operation>
                    </Platform>
                    <Platform Name="Android64">
                        <RemoteDir>res\drawable-xhdpi</RemoteDir>
                        <Operation>1</Operation>
                    </Platform>
                </DeployClass>
                <DeployClass Name="Android_NotificationIcon24">
                    <Platform Name="Android">
                        <RemoteDir>res\drawable-mdpi</RemoteDir>
                        <Operation>1</Operation>
                    </Platform>
                    <Platform Name="Android64">
                        <RemoteDir>res\drawable-mdpi</RemoteDir>
                        <Operation>1</Operation>
                    </Platform>
                </DeployClass>
                <DeployClass Name="Android_NotificationIcon36">
                    <Platform Name="Android">
                        <RemoteDir>res\drawable-hdpi</RemoteDir>
                        <Operation>1</Operation>
                    </Platform>
                    <Platform Name="Android64">
                        <RemoteDir>res\drawable-hdpi</RemoteDir>
                        <Operation>1</Operation>
                    </Platform>
                </DeployClass>
                <DeployClass Name="Android_NotificationIcon48">
                    <Platform Name="Android">
                        <RemoteDir>res\drawable-xhdpi</RemoteDir>
                        <Operation>1</Operation>
                    </Platform>
                    <Platform Name="Android64">
                        <RemoteDir>res\drawable-xhdpi</RemoteDir>
                        <Operation>1</Operation>
                    </Platform>
                </DeployClass>
                <DeployClass Name="Android_NotificationIcon72">
                    <Platform Name="Android">
                        <RemoteDir>res\drawable-xxhdpi</RemoteDir>
                        <Operation>1</Operation>
                    </Platform>
                    <Platform Name="Android64">
                        <RemoteDir>res\drawable-xxhdpi</RemoteDir>
                        <Operation>1</Operation>
                    </Platform>
                </DeployClass>
                <DeployClass Name="Android_NotificationIcon96">
                    <Platform Name="Android">
                        <RemoteDir>res\drawable-xxxhdpi</RemoteDir>
                        <Operation>1</Operation>
                    </Platform>
                    <Platform Name="Android64">
                        <RemoteDir>res\drawable-xxxhdpi</RemoteDir>
                        <Operation>1</Operation>
                    </Platform>
                </DeployClass>
                <DeployClass Name="Android_SplashImage426">
                    <Platform Name="Android">
                        <RemoteDir>res\drawable-small</RemoteDir>
                        <Operation>1</Operation>
                    </Platform>
                    <Platform Name="Android64">
                        <RemoteDir>res\drawable-small</RemoteDir>
                        <Operation>1</Operation>
                    </Platform>
                </DeployClass>
                <DeployClass Name="Android_SplashImage470">
                    <Platform Name="Android">
                        <RemoteDir>res\drawable-normal</RemoteDir>
                        <Operation>1</Operation>
                    </Platform>
                    <Platform Name="Android64">
                        <RemoteDir>res\drawable-normal</RemoteDir>
                        <Operation>1</Operation>
                    </Platform>
                </DeployClass>
                <DeployClass Name="Android_SplashImage640">
                    <Platform Name="Android">
                        <RemoteDir>res\drawable-large</RemoteDir>
                        <Operation>1</Operation>
                    </Platform>
                    <Platform Name="Android64">
                        <RemoteDir>res\drawable-large</RemoteDir>
                        <Operation>1</Operation>
                    </Platform>
                </DeployClass>
                <DeployClass Name="Android_SplashImage960">
                    <Platform Name="Android">
                        <RemoteDir>res\drawable-xlarge</RemoteDir>
                        <Operation>1</Operation>
                    </Platform>
                    <Platform Name="Android64">
                        <RemoteDir>res\drawable-xlarge</RemoteDir>
                        <Operation>1</Operation>
                    </Platform>
                </DeployClass>
                <DeployClass Name="Android_Strings">
                    <Platform Name="Android">
                        <RemoteDir>res\values</RemoteDir>
                        <Operation>1</Operation>
                    </Platform>
                    <Platform Name="Android64">
                        <RemoteDir>res\values</RemoteDir>
                        <Operation>1</Operation>
                    </Platform>
                </DeployClass>
                <DeployClass Name="DebugSymbols">
                    <Platform Name="iOSSimulator">
                        <Operation>1</Operation>
                    </Platform>
                    <Platform Name="OSX32">
                        <RemoteDir>Contents\MacOS</RemoteDir>
                        <Operation>1</Operation>
                    </Platform>
                    <Platform Name="Win32">
                        <Operation>0</Operation>
                    </Platform>
                </DeployClass>
                <DeployClass Name="DependencyFramework">
                    <Platform Name="OSX32">
                        <RemoteDir>Contents\MacOS</RemoteDir>
                        <Operation>1</Operation>
                        <Extensions>.framework</Extensions>
                    </Platform>
                    <Platform Name="OSX64">
                        <RemoteDir>Contents\MacOS</RemoteDir>
                        <Operation>1</Operation>
                        <Extensions>.framework</Extensions>
                    </Platform>
                    <Platform Name="Win32">
                        <Operation>0</Operation>
                    </Platform>
                </DeployClass>
                <DeployClass Name="DependencyModule">
                    <Platform Name="iOSDevice32">
                        <Operation>1</Operation>
                        <Extensions>.dylib</Extensions>
                    </Platform>
                    <Platform Name="iOSDevice64">
                        <Operation>1</Operation>
                        <Extensions>.dylib</Extensions>
                    </Platform>
                    <Platform Name="iOSSimulator">
                        <Operation>1</Operation>
                        <Extensions>.dylib</Extensions>
                    </Platform>
                    <Platform Name="OSX32">
                        <RemoteDir>Contents\MacOS</RemoteDir>
                        <Operation>1</Operation>
                        <Extensions>.dylib</Extensions>
                    </Platform>
                    <Platform Name="OSX64">
                        <RemoteDir>Contents\MacOS</RemoteDir>
                        <Operation>1</Operation>
                        <Extensions>.dylib</Extensions>
                    </Platform>
                    <Platform Name="Win32">
                        <Operation>0</Operation>
                        <Extensions>.dll;.bpl</Extensions>
                    </Platform>
                </DeployClass>
                <DeployClass Required="true" Name="DependencyPackage">
                    <Platform Name="iOSDevice32">
                        <Operation>1</Operation>
                        <Extensions>.dylib</Extensions>
                    </Platform>
                    <Platform Name="iOSDevice64">
                        <Operation>1</Operation>
                        <Extensions>.dylib</Extensions>
                    </Platform>
                    <Platform Name="iOSSimulator">
                        <Operation>1</Operation>
                        <Extensions>.dylib</Extensions>
                    </Platform>
                    <Platform Name="OSX32">
                        <RemoteDir>Contents\MacOS</RemoteDir>
                        <Operation>1</Operation>
                        <Extensions>.dylib</Extensions>
                    </Platform>
                    <Platform Name="OSX64">
                        <RemoteDir>Contents\MacOS</RemoteDir>
                        <Operation>1</Operation>
                        <Extensions>.dylib</Extensions>
                    </Platform>
                    <Platform Name="Win32">
                        <Operation>0</Operation>
                        <Extensions>.bpl</Extensions>
                    </Platform>
                </DeployClass>
                <DeployClass Name="File">
                    <Platform Name="Android">
                        <Operation>0</Operation>
                    </Platform>
                    <Platform Name="Android64">
                        <Operation>0</Operation>
                    </Platform>
                    <Platform Name="iOSDevice32">
                        <Operation>0</Operation>
                    </Platform>
                    <Platform Name="iOSDevice64">
                        <Operation>0</Operation>
                    </Platform>
                    <Platform Name="iOSSimulator">
                        <Operation>0</Operation>
                    </Platform>
                    <Platform Name="OSX32">
                        <RemoteDir>Contents\Resources\StartUp\</RemoteDir>
                        <Operation>0</Operation>
                    </Platform>
                    <Platform Name="OSX64">
                        <RemoteDir>Contents\Resources\StartUp\</RemoteDir>
                        <Operation>0</Operation>
                    </Platform>
                    <Platform Name="Win32">
                        <Operation>0</Operation>
                    </Platform>
                </DeployClass>
                <DeployClass Name="iOS_AppStore1024">
                    <Platform Name="iOSDevice64">
                        <RemoteDir>..\$(PROJECTNAME).launchscreen\Assets\AppIcon.appiconset</RemoteDir>
                        <Operation>1</Operation>
                    </Platform>
                </DeployClass>
                <DeployClass Name="iPad_AppIcon152">
                    <Platform Name="iOSDevice64">
                        <RemoteDir>..\$(PROJECTNAME).launchscreen\Assets\AppIcon.appiconset</RemoteDir>
                        <Operation>1</Operation>
                    </Platform>
                    <Platform Name="iOSSimulator">
                        <RemoteDir>..\$(PROJECTNAME).launchscreen\Assets\AppIcon.appiconset</RemoteDir>
                        <Operation>1</Operation>
                    </Platform>
                </DeployClass>
                <DeployClass Name="iPad_AppIcon167">
                    <Platform Name="iOSDevice64">
                        <RemoteDir>..\$(PROJECTNAME).launchscreen\Assets\AppIcon.appiconset</RemoteDir>
                        <Operation>1</Operation>
                    </Platform>
                    <Platform Name="iOSSimulator">
                        <RemoteDir>..\$(PROJECTNAME).launchscreen\Assets\AppIcon.appiconset</RemoteDir>
                        <Operation>1</Operation>
                    </Platform>
                </DeployClass>
                <DeployClass Name="iPad_Launch1024">
                    <Platform Name="iOSDevice32">
                        <Operation>1</Operation>
                    </Platform>
                    <Platform Name="iOSDevice64">
                        <Operation>1</Operation>
                    </Platform>
                    <Platform Name="iOSSimulator">
                        <Operation>1</Operation>
                    </Platform>
                </DeployClass>
                <DeployClass Name="iPad_Launch1536">
                    <Platform Name="iOSDevice32">
                        <Operation>1</Operation>
                    </Platform>
                    <Platform Name="iOSDevice64">
                        <Operation>1</Operation>
                    </Platform>
                    <Platform Name="iOSSimulator">
                        <Operation>1</Operation>
                    </Platform>
                </DeployClass>
                <DeployClass Name="iPad_Launch2048">
                    <Platform Name="iOSDevice32">
                        <Operation>1</Operation>
                    </Platform>
                    <Platform Name="iOSDevice64">
                        <Operation>1</Operation>
                    </Platform>
                    <Platform Name="iOSSimulator">
                        <Operation>1</Operation>
                    </Platform>
                </DeployClass>
                <DeployClass Name="iPad_Launch2x">
                    <Platform Name="iOSDevice64">
                        <RemoteDir>..\$(PROJECTNAME).launchscreen\Assets\LaunchScreenImage.imageset</RemoteDir>
                        <Operation>1</Operation>
                    </Platform>
                    <Platform Name="iOSSimulator">
                        <RemoteDir>..\$(PROJECTNAME).launchscreen\Assets\LaunchScreenImage.imageset</RemoteDir>
                        <Operation>1</Operation>
                    </Platform>
                </DeployClass>
                <DeployClass Name="iPad_Launch768">
                    <Platform Name="iOSDevice32">
                        <Operation>1</Operation>
                    </Platform>
                    <Platform Name="iOSDevice64">
                        <Operation>1</Operation>
                    </Platform>
                    <Platform Name="iOSSimulator">
                        <Operation>1</Operation>
                    </Platform>
                </DeployClass>
                <DeployClass Name="iPad_LaunchDark2x">
                    <Platform Name="iOSDevice64">
                        <RemoteDir>..\$(PROJECTNAME).launchscreen\Assets\LaunchScreenImage.imageset</RemoteDir>
                        <Operation>1</Operation>
                    </Platform>
                    <Platform Name="iOSSimulator">
                        <RemoteDir>..\$(PROJECTNAME).launchscreen\Assets\LaunchScreenImage.imageset</RemoteDir>
                        <Operation>1</Operation>
                    </Platform>
                </DeployClass>
                <DeployClass Name="iPad_Notification40">
                    <Platform Name="iOSDevice64">
                        <RemoteDir>..\$(PROJECTNAME).launchscreen\Assets\AppIcon.appiconset</RemoteDir>
                        <Operation>1</Operation>
                    </Platform>
                    <Platform Name="iOSSimulator">
                        <RemoteDir>..\$(PROJECTNAME).launchscreen\Assets\AppIcon.appiconset</RemoteDir>
                        <Operation>1</Operation>
                    </Platform>
                </DeployClass>
                <DeployClass Name="iPad_Setting58">
                    <Platform Name="iOSDevice64">
                        <RemoteDir>..\$(PROJECTNAME).launchscreen\Assets\AppIcon.appiconset</RemoteDir>
                        <Operation>1</Operation>
                    </Platform>
                    <Platform Name="iOSSimulator">
                        <RemoteDir>..\$(PROJECTNAME).launchscreen\Assets\AppIcon.appiconset</RemoteDir>
                        <Operation>1</Operation>
                    </Platform>
                </DeployClass>
                <DeployClass Name="iPad_SpotLight80">
                    <Platform Name="iOSDevice64">
                        <RemoteDir>..\$(PROJECTNAME).launchscreen\Assets\AppIcon.appiconset</RemoteDir>
                        <Operation>1</Operation>
                    </Platform>
                    <Platform Name="iOSSimulator">
                        <RemoteDir>..\$(PROJECTNAME).launchscreen\Assets\AppIcon.appiconset</RemoteDir>
                        <Operation>1</Operation>
                    </Platform>
                </DeployClass>
                <DeployClass Name="iPhone_AppIcon120">
                    <Platform Name="iOSDevice64">
                        <RemoteDir>..\$(PROJECTNAME).launchscreen\Assets\AppIcon.appiconset</RemoteDir>
                        <Operation>1</Operation>
                    </Platform>
                    <Platform Name="iOSSimulator">
                        <RemoteDir>..\$(PROJECTNAME).launchscreen\Assets\AppIcon.appiconset</RemoteDir>
                        <Operation>1</Operation>
                    </Platform>
                </DeployClass>
                <DeployClass Name="iPhone_AppIcon180">
                    <Platform Name="iOSDevice64">
                        <RemoteDir>..\$(PROJECTNAME).launchscreen\Assets\AppIcon.appiconset</RemoteDir>
                        <Operation>1</Operation>
                    </Platform>
                    <Platform Name="iOSSimulator">
                        <RemoteDir>..\$(PROJECTNAME).launchscreen\Assets\AppIcon.appiconset</RemoteDir>
                        <Operation>1</Operation>
                    </Platform>
                </DeployClass>
                <DeployClass Name="iPhone_Launch2x">
                    <Platform Name="iOSDevice64">
                        <RemoteDir>..\$(PROJECTNAME).launchscreen\Assets\LaunchScreenImage.imageset</RemoteDir>
                        <Operation>1</Operation>
                    </Platform>
                    <Platform Name="iOSSimulator">
                        <RemoteDir>..\$(PROJECTNAME).launchscreen\Assets\LaunchScreenImage.imageset</RemoteDir>
                        <Operation>1</Operation>
                    </Platform>
                </DeployClass>
                <DeployClass Name="iPhone_Launch320">
                    <Platform Name="iOSDevice32">
                        <Operation>1</Operation>
                    </Platform>
                    <Platform Name="iOSDevice64">
                        <Operation>1</Operation>
                    </Platform>
                    <Platform Name="iOSSimulator">
                        <Operation>1</Operation>
                    </Platform>
                </DeployClass>
                <DeployClass Name="iPhone_Launch3x">
                    <Platform Name="iOSDevice64">
                        <RemoteDir>..\$(PROJECTNAME).launchscreen\Assets\LaunchScreenImage.imageset</RemoteDir>
                        <Operation>1</Operation>
                    </Platform>
                    <Platform Name="iOSSimulator">
                        <RemoteDir>..\$(PROJECTNAME).launchscreen\Assets\LaunchScreenImage.imageset</RemoteDir>
                        <Operation>1</Operation>
                    </Platform>
                </DeployClass>
                <DeployClass Name="iPhone_Launch640">
                    <Platform Name="iOSDevice32">
                        <Operation>1</Operation>
                    </Platform>
                    <Platform Name="iOSDevice64">
                        <Operation>1</Operation>
                    </Platform>
                    <Platform Name="iOSSimulator">
                        <Operation>1</Operation>
                    </Platform>
                </DeployClass>
                <DeployClass Name="iPhone_Launch640x1136">
                    <Platform Name="iOSDevice32">
                        <Operation>1</Operation>
                    </Platform>
                    <Platform Name="iOSDevice64">
                        <Operation>1</Operation>
                    </Platform>
                    <Platform Name="iOSSimulator">
                        <Operation>1</Operation>
                    </Platform>
                </DeployClass>
                <DeployClass Name="iPhone_LaunchDark2x">
                    <Platform Name="iOSDevice64">
                        <RemoteDir>..\$(PROJECTNAME).launchscreen\Assets\LaunchScreenImage.imageset</RemoteDir>
                        <Operation>1</Operation>
                    </Platform>
                    <Platform Name="iOSSimulator">
                        <RemoteDir>..\$(PROJECTNAME).launchscreen\Assets\LaunchScreenImage.imageset</RemoteDir>
                        <Operation>1</Operation>
                    </Platform>
                </DeployClass>
                <DeployClass Name="iPhone_LaunchDark3x">
                    <Platform Name="iOSDevice64">
                        <RemoteDir>..\$(PROJECTNAME).launchscreen\Assets\LaunchScreenImage.imageset</RemoteDir>
                        <Operation>1</Operation>
                    </Platform>
                    <Platform Name="iOSSimulator">
                        <RemoteDir>..\$(PROJECTNAME).launchscreen\Assets\LaunchScreenImage.imageset</RemoteDir>
                        <Operation>1</Operation>
                    </Platform>
                </DeployClass>
                <DeployClass Name="iPhone_Notification40">
                    <Platform Name="iOSDevice64">
                        <RemoteDir>..\$(PROJECTNAME).launchscreen\Assets\AppIcon.appiconset</RemoteDir>
                        <Operation>1</Operation>
                    </Platform>
                    <Platform Name="iOSSimulator">
                        <RemoteDir>..\$(PROJECTNAME).launchscreen\Assets\AppIcon.appiconset</RemoteDir>
                        <Operation>1</Operation>
                    </Platform>
                </DeployClass>
                <DeployClass Name="iPhone_Notification60">
                    <Platform Name="iOSDevice64">
                        <RemoteDir>..\$(PROJECTNAME).launchscreen\Assets\AppIcon.appiconset</RemoteDir>
                        <Operation>1</Operation>
                    </Platform>
                    <Platform Name="iOSSimulator">
                        <RemoteDir>..\$(PROJECTNAME).launchscreen\Assets\AppIcon.appiconset</RemoteDir>
                        <Operation>1</Operation>
                    </Platform>
                </DeployClass>
                <DeployClass Name="iPhone_Setting58">
                    <Platform Name="iOSDevice64">
                        <RemoteDir>..\$(PROJECTNAME).launchscreen\Assets\AppIcon.appiconset</RemoteDir>
                        <Operation>1</Operation>
                    </Platform>
                    <Platform Name="iOSSimulator">
                        <RemoteDir>..\$(PROJECTNAME).launchscreen\Assets\AppIcon.appiconset</RemoteDir>
                        <Operation>1</Operation>
                    </Platform>
                </DeployClass>
                <DeployClass Name="iPhone_Setting87">
                    <Platform Name="iOSDevice64">
                        <RemoteDir>..\$(PROJECTNAME).launchscreen\Assets\AppIcon.appiconset</RemoteDir>
                        <Operation>1</Operation>
                    </Platform>
                    <Platform Name="iOSSimulator">
                        <RemoteDir>..\$(PROJECTNAME).launchscreen\Assets\AppIcon.appiconset</RemoteDir>
                        <Operation>1</Operation>
                    </Platform>
                </DeployClass>
                <DeployClass Name="iPhone_Spotlight120">
                    <Platform Name="iOSDevice64">
                        <RemoteDir>..\$(PROJECTNAME).launchscreen\Assets\AppIcon.appiconset</RemoteDir>
                        <Operation>1</Operation>
                    </Platform>
                    <Platform Name="iOSSimulator">
                        <RemoteDir>..\$(PROJECTNAME).launchscreen\Assets\AppIcon.appiconset</RemoteDir>
                        <Operation>1</Operation>
                    </Platform>
                </DeployClass>
                <DeployClass Name="iPhone_Spotlight80">
                    <Platform Name="iOSDevice64">
                        <RemoteDir>..\$(PROJECTNAME).launchscreen\Assets\AppIcon.appiconset</RemoteDir>
                        <Operation>1</Operation>
                    </Platform>
                    <Platform Name="iOSSimulator">
                        <RemoteDir>..\$(PROJECTNAME).launchscreen\Assets\AppIcon.appiconset</RemoteDir>
                        <Operation>1</Operation>
                    </Platform>
                </DeployClass>
                <DeployClass Name="ProjectAndroidManifest">
                    <Platform Name="Android">
                        <Operation>1</Operation>
                    </Platform>
                    <Platform Name="Android64">
                        <Operation>1</Operation>
                    </Platform>
                </DeployClass>
                <DeployClass Name="ProjectiOSDeviceDebug">
                    <Platform Name="iOSDevice32">
                        <RemoteDir>..\$(PROJECTNAME).app.dSYM\Contents\Resources\DWARF</RemoteDir>
                        <Operation>1</Operation>
                    </Platform>
                    <Platform Name="iOSDevice64">
                        <RemoteDir>..\$(PROJECTNAME).app.dSYM\Contents\Resources\DWARF</RemoteDir>
                        <Operation>1</Operation>
                    </Platform>
                </DeployClass>
                <DeployClass Name="ProjectiOSDeviceResourceRules">
                    <Platform Name="iOSDevice32">
                        <Operation>1</Operation>
                    </Platform>
                    <Platform Name="iOSDevice64">
                        <Operation>1</Operation>
                    </Platform>
                </DeployClass>
                <DeployClass Name="ProjectiOSEntitlements">
                    <Platform Name="iOSDevice32">
                        <RemoteDir>..\</RemoteDir>
                        <Operation>1</Operation>
                    </Platform>
                    <Platform Name="iOSDevice64">
                        <RemoteDir>..\</RemoteDir>
                        <Operation>1</Operation>
                    </Platform>
                </DeployClass>
                <DeployClass Name="ProjectiOSInfoPList">
                    <Platform Name="iOSDevice32">
                        <Operation>1</Operation>
                    </Platform>
                    <Platform Name="iOSDevice64">
                        <Operation>1</Operation>
                    </Platform>
                    <Platform Name="iOSSimulator">
                        <Operation>1</Operation>
                    </Platform>
                </DeployClass>
                <DeployClass Name="ProjectiOSLaunchScreen">
                    <Platform Name="iOSDevice64">
                        <RemoteDir>..\$(PROJECTNAME).launchscreen</RemoteDir>
                        <Operation>64</Operation>
                    </Platform>
                    <Platform Name="iOSSimulator">
                        <RemoteDir>..\$(PROJECTNAME).launchscreen</RemoteDir>
                        <Operation>64</Operation>
                    </Platform>
                </DeployClass>
                <DeployClass Name="ProjectiOSResource">
                    <Platform Name="iOSDevice32">
                        <Operation>1</Operation>
                    </Platform>
                    <Platform Name="iOSDevice64">
                        <Operation>1</Operation>
                    </Platform>
                    <Platform Name="iOSSimulator">
                        <Operation>1</Operation>
                    </Platform>
                </DeployClass>
                <DeployClass Name="ProjectOSXDebug">
                    <Platform Name="OSX64">
                        <RemoteDir>..\$(PROJECTNAME).app.dSYM\Contents\Resources\DWARF</RemoteDir>
                        <Operation>1</Operation>
                    </Platform>
                </DeployClass>
                <DeployClass Name="ProjectOSXEntitlements">
                    <Platform Name="OSX32">
                        <RemoteDir>..\</RemoteDir>
                        <Operation>1</Operation>
                    </Platform>
                    <Platform Name="OSX64">
                        <RemoteDir>..\</RemoteDir>
                        <Operation>1</Operation>
                    </Platform>
                </DeployClass>
                <DeployClass Name="ProjectOSXInfoPList">
                    <Platform Name="OSX32">
                        <RemoteDir>Contents</RemoteDir>
                        <Operation>1</Operation>
                    </Platform>
                    <Platform Name="OSX64">
                        <RemoteDir>Contents</RemoteDir>
                        <Operation>1</Operation>
                    </Platform>
                </DeployClass>
                <DeployClass Name="ProjectOSXResource">
                    <Platform Name="OSX32">
                        <RemoteDir>Contents\Resources</RemoteDir>
                        <Operation>1</Operation>
                    </Platform>
                    <Platform Name="OSX64">
                        <RemoteDir>Contents\Resources</RemoteDir>
                        <Operation>1</Operation>
                    </Platform>
                </DeployClass>
                <DeployClass Required="true" Name="ProjectOutput">
                    <Platform Name="Android">
                        <RemoteDir>library\lib\armeabi-v7a</RemoteDir>
                        <Operation>1</Operation>
                    </Platform>
                    <Platform Name="Android64">
                        <RemoteDir>library\lib\arm64-v8a</RemoteDir>
                        <Operation>1</Operation>
                    </Platform>
                    <Platform Name="iOSDevice32">
                        <Operation>1</Operation>
                    </Platform>
                    <Platform Name="iOSDevice64">
                        <Operation>1</Operation>
                    </Platform>
                    <Platform Name="iOSSimulator">
                        <Operation>1</Operation>
                    </Platform>
                    <Platform Name="Linux64">
                        <Operation>1</Operation>
                    </Platform>
                    <Platform Name="OSX32">
                        <RemoteDir>Contents\MacOS</RemoteDir>
                        <Operation>1</Operation>
                    </Platform>
                    <Platform Name="OSX64">
                        <RemoteDir>Contents\MacOS</RemoteDir>
                        <Operation>1</Operation>
                    </Platform>
                    <Platform Name="Win32">
                        <Operation>0</Operation>
                    </Platform>
                </DeployClass>
                <DeployClass Name="ProjectOutput_Android32">
                    <Platform Name="Android64">
                        <RemoteDir>library\lib\armeabi-v7a</RemoteDir>
                        <Operation>1</Operation>
                    </Platform>
                </DeployClass>
                <DeployClass Name="ProjectUWPManifest">
                    <Platform Name="Win32">
                        <Operation>1</Operation>
                    </Platform>
                    <Platform Name="Win64">
                        <Operation>1</Operation>
                    </Platform>
                </DeployClass>
                <DeployClass Name="UWP_DelphiLogo150">
                    <Platform Name="Win32">
                        <RemoteDir>Assets</RemoteDir>
                        <Operation>1</Operation>
                    </Platform>
                    <Platform Name="Win64">
                        <RemoteDir>Assets</RemoteDir>
                        <Operation>1</Operation>
                    </Platform>
                </DeployClass>
                <DeployClass Name="UWP_DelphiLogo44">
                    <Platform Name="Win32">
                        <RemoteDir>Assets</RemoteDir>
                        <Operation>1</Operation>
                    </Platform>
                    <Platform Name="Win64">
                        <RemoteDir>Assets</RemoteDir>
                        <Operation>1</Operation>
                    </Platform>
                </DeployClass>
                <ProjectRoot Platform="iOSDevice64" Name="$(PROJECTNAME).app"/>
                <ProjectRoot Platform="Win64" Name="$(PROJECTNAME)"/>
                <ProjectRoot Platform="iOSDevice32" Name="$(PROJECTNAME).app"/>
                <ProjectRoot Platform="Linux64" Name="$(PROJECTNAME)"/>
                <ProjectRoot Platform="Win32" Name="$(PROJECTNAME)"/>
                <ProjectRoot Platform="OSX32" Name="$(PROJECTNAME).app"/>
                <ProjectRoot Platform="Android" Name="$(PROJECTNAME)"/>
                <ProjectRoot Platform="OSX64" Name="$(PROJECTNAME).app"/>
                <ProjectRoot Platform="iOSSimulator" Name="$(PROJECTNAME).app"/>
                <ProjectRoot Platform="Android64" Name="$(PROJECTNAME)"/>
            </Deployment>
            <Platforms>
                <Platform value="Win32">True</Platform>
                <Platform value="Win64">True</Platform>
            </Platforms>
        </BorlandProject>
        <ProjectFileVersion>12</ProjectFileVersion>
    </ProjectExtensions>
    <Import Project="$(BDS)\Bin\CodeGear.Delphi.Targets" Condition="Exists('$(BDS)\Bin\CodeGear.Delphi.Targets')"/>
    <Import Project="$(APPDATA)\Embarcadero\$(BDSAPPDATABASEDIR)\$(PRODUCTVERSION)\UserTools.proj" Condition="Exists('$(APPDATA)\Embarcadero\$(BDSAPPDATABASEDIR)\$(PRODUCTVERSION)\UserTools.proj')"/>
    <Import Project="$(MSBuildProjectName).deployproj" Condition="Exists('$(MSBuildProjectName).deployproj')"/>
    <PropertyGroup Condition="'$(Config)'=='Debug' And '$(Platform)'=='Win32'">
        <PreBuildEvent>call rsvars.bat&amp;&amp;msbuild $(PROJECTPATH) /t:Rebuild /p:Config=Debug /p:Platform=Win64&amp;&amp;brcc32 $(PROJECTDIR)\win64debug.rc</PreBuildEvent>
        <PreBuildEventIgnoreExitCode>False</PreBuildEventIgnoreExitCode>
        <PreLinkEvent/>
        <PreLinkEventIgnoreExitCode>False</PreLinkEventIgnoreExitCode>
        <PostBuildEvent/>
        <PostBuildEventIgnoreExitCode>False</PostBuildEventIgnoreExitCode>
    </PropertyGroup>
    <PropertyGroup Condition="'$(Config)'=='Release' And '$(Platform)'=='Win32'">
        <PreBuildEvent>call rsvars.bat&amp;&amp;msbuild $(PROJECTPATH) /t:Rebuild /p:Config=Release /p:Platform=Win64&amp;&amp;brcc32 $(PROJECTDIR)\win64release.rc</PreBuildEvent>
        <PreBuildEventIgnoreExitCode>False</PreBuildEventIgnoreExitCode>
        <PreLinkEvent/>
        <PreLinkEventIgnoreExitCode>False</PreLinkEventIgnoreExitCode>
        <PostBuildEvent/>
        <PostBuildEventIgnoreExitCode>False</PostBuildEventIgnoreExitCode>
    </PropertyGroup>
</Project>
